
Microsoft Visual Studio Solution File, Format Version 12.00
# Visual Studio 15
Project("{FAE04EC0-301F-11D3-BF4B-00C04F79EFBC}") = "AstarPathfindingProject", "AstarPathfindingProject.csproj", "{1A33B60E-260A-3300-D550-A8BEE32FF31F}"
EndProject
Project("{FAE04EC0-301F-11D3-BF4B-00C04F79EFBC}") = "Assembly-CSharp", "Assembly-CSharp.csproj", "{BF02335C-D0C2-A7F1-AAFD-947400384C91}"
EndProject
Project("{FAE04EC0-301F-11D3-BF4B-00C04F79EFBC}") = "AstarPathfindingProjectEditor", "AstarPathfindingProjectEditor.csproj", "{9E33E369-9F06-9ACD-67CB-02C29B03A014}"
EndProject
Project("{FAE04EC0-301F-11D3-BF4B-00C04F79EFBC}") = "PackageToolsEditor", "PackageToolsEditor.csproj", "{F1DB5BBC-8E40-6EE9-437B-9E29B9C981F0}"
EndProject
Global
	GlobalSection(SolutionConfigurationPlatforms) = preSolution
		Debug|Any CPU = Debug|Any CPU
		Release|Any CPU = Release|Any CPU
	EndGlobalSection
	GlobalSection(ProjectConfigurationPlatforms) = postSolution
		{1A33B60E-260A-3300-D550-A8BEE32FF31F}.Debug|Any CPU.ActiveCfg = Debug|Any CPU
		{1A33B60E-260A-3300-D550-A8BEE32FF31F}.Debug|Any CPU.Build.0 = Debug|Any CPU
		{1A33B60E-260A-3300-D550-A8BEE32FF31F}.Release|Any CPU.ActiveCfg = Release|Any CPU
		{1A33B60E-260A-3300-D550-A8BEE32FF31F}.Release|Any CPU.Build.0 = Release|Any CPU
		{BF02335C-D0C2-A7F1-AAFD-947400384C91}.Debug|Any CPU.ActiveCfg = Debug|Any CPU
		{BF02335C-D0C2-A7F1-AAFD-947400384C91}.Debug|Any CPU.Build.0 = Debug|Any CPU
		{BF02335C-D0C2-A7F1-AAFD-947400384C91}.Release|Any CPU.ActiveCfg = Release|Any CPU
		{BF02335C-D0C2-A7F1-AAFD-947400384C91}.Release|Any CPU.Build.0 = Release|Any CPU
		{9E33E369-9F06-9ACD-67CB-02C29B03A014}.Debug|Any CPU.ActiveCfg = Debug|Any CPU
		{9E33E369-9F06-9ACD-67CB-02C29B03A014}.Debug|Any CPU.Build.0 = Debug|Any CPU
		{9E33E369-9F06-9ACD-67CB-02C29B03A014}.Release|Any CPU.ActiveCfg = Release|Any CPU
		{9E33E369-9F06-9ACD-67CB-02C29B03A014}.Release|Any CPU.Build.0 = Release|Any CPU
		{F1DB5BBC-8E40-6EE9-437B-9E29B9C981F0}.Debug|Any CPU.ActiveCfg = Debug|Any CPU
		{F1DB5BBC-8E40-6EE9-437B-9E29B9C981F0}.Debug|Any CPU.Build.0 = Debug|Any CPU
		{F1DB5BBC-8E40-6EE9-437B-9E29B9C981F0}.Release|Any CPU.ActiveCfg = Release|Any CPU
		{F1DB5BBC-8E40-6EE9-437B-9E29B9C981F0}.Release|Any CPU.Build.0 = Release|Any CPU
	EndGlobalSection
	GlobalSection(SolutionProperties) = preSolution
		HideSolutionNode = FALSE
	EndGlobalSection
EndGlobal
